
Microsoft Visual Studio Solution File, Format Version 11.00
# Visual Studio 2010
Project("{FAE04EC0-301F-11D3-BF4B-00C04F79EFBC}") = "BlackC", "BlackC\BlackC.csproj", "{7ED44C04-538F-48B3-B2FB-9ADD2F02C5E5}"
EndProject
Project("{FAE04EC0-301F-11D3-BF4B-00C04F79EFBC}") = "BlackCJr", "BlackCJr\BlackCJr.csproj", "{87D957A6-541B-42A9-BF35-D7E574505791}"
EndProject
Global
	GlobalSection(SolutionConfigurationPlatforms) = preSolution
		Debug|x86 = Debug|x86
		Release|x86 = Release|x86
	EndGlobalSection
	GlobalSection(ProjectConfigurationPlatforms) = postSolution
		{7ED44C04-538F-48B3-B2FB-9ADD2F02C5E5}.Debug|x86.ActiveCfg = Debug|x86
		{7ED44C04-538F-48B3-B2FB-9ADD2F02C5E5}.Debug|x86.Build.0 = Debug|x86
		{7ED44C04-538F-48B3-B2FB-9ADD2F02C5E5}.Release|x86.ActiveCfg = Release|x86
		{7ED44C04-538F-48B3-B2FB-9ADD2F02C5E5}.Release|x86.Build.0 = Release|x86
		{87D957A6-541B-42A9-BF35-D7E574505791}.Debug|x86.ActiveCfg = Debug|x86
		{87D957A6-541B-42A9-BF35-D7E574505791}.Debug|x86.Build.0 = Debug|x86
		{87D957A6-541B-42A9-BF35-D7E574505791}.Release|x86.ActiveCfg = Release|x86
		{87D957A6-541B-42A9-BF35-D7E574505791}.Release|x86.Build.0 = Release|x86
	EndGlobalSection
	GlobalSection(SolutionProperties) = preSolution
		HideSolutionNode = FALSE
	EndGlobalSection
EndGlobal
