
Microsoft Visual Studio Solution File, Format Version 12.00
# Visual Studio Version 16
VisualStudioVersion = 16.0.31129.286
MinimumVisualStudioVersion = 10.0.40219.1
Project("{FAE04EC0-301F-11D3-BF4B-00C04F79EFBC}") = "BlackC", "BlackC\BlackC.csproj", "{7ED44C04-538F-48B3-B2FB-9ADD2F02C5E5}"
EndProject
Project("{FAE04EC0-301F-11D3-BF4B-00C04F79EFBC}") = "Testors", "Testors\Testors.csproj", "{BA807C97-529B-46EF-9393-1F67217DD798}"
EndProject
Global
	GlobalSection(SolutionConfigurationPlatforms) = preSolution
		Debug|Any CPU = Debug|Any CPU
		Debug|x64 = Debug|x64
		Debug|x86 = Debug|x86
		Release|Any CPU = Release|Any CPU
		Release|x64 = Release|x64
		Release|x86 = Release|x86
	EndGlobalSection
	GlobalSection(ProjectConfigurationPlatforms) = postSolution
		{7ED44C04-538F-48B3-B2FB-9ADD2F02C5E5}.Debug|Any CPU.ActiveCfg = Debug|x86
		{7ED44C04-538F-48B3-B2FB-9ADD2F02C5E5}.Debug|x64.ActiveCfg = Debug|x86
		{7ED44C04-538F-48B3-B2FB-9ADD2F02C5E5}.Debug|x86.ActiveCfg = Debug|x86
		{7ED44C04-538F-48B3-B2FB-9ADD2F02C5E5}.Debug|x86.Build.0 = Debug|x86
		{7ED44C04-538F-48B3-B2FB-9ADD2F02C5E5}.Release|Any CPU.ActiveCfg = Release|x86
		{7ED44C04-538F-48B3-B2FB-9ADD2F02C5E5}.Release|x64.ActiveCfg = Release|x86
		{7ED44C04-538F-48B3-B2FB-9ADD2F02C5E5}.Release|x86.ActiveCfg = Release|x86
		{7ED44C04-538F-48B3-B2FB-9ADD2F02C5E5}.Release|x86.Build.0 = Release|x86
		{BA807C97-529B-46EF-9393-1F67217DD798}.Debug|Any CPU.ActiveCfg = Debug|Any CPU
		{BA807C97-529B-46EF-9393-1F67217DD798}.Debug|Any CPU.Build.0 = Debug|Any CPU
		{BA807C97-529B-46EF-9393-1F67217DD798}.Debug|x64.ActiveCfg = Debug|Any CPU
		{BA807C97-529B-46EF-9393-1F67217DD798}.Debug|x64.Build.0 = Debug|Any CPU
		{BA807C97-529B-46EF-9393-1F67217DD798}.Debug|x86.ActiveCfg = Debug|Any CPU
		{BA807C97-529B-46EF-9393-1F67217DD798}.Debug|x86.Build.0 = Debug|Any CPU
		{BA807C97-529B-46EF-9393-1F67217DD798}.Release|Any CPU.ActiveCfg = Release|Any CPU
		{BA807C97-529B-46EF-9393-1F67217DD798}.Release|Any CPU.Build.0 = Release|Any CPU
		{BA807C97-529B-46EF-9393-1F67217DD798}.Release|x64.ActiveCfg = Release|Any CPU
		{BA807C97-529B-46EF-9393-1F67217DD798}.Release|x64.Build.0 = Release|Any CPU
		{BA807C97-529B-46EF-9393-1F67217DD798}.Release|x86.ActiveCfg = Release|Any CPU
		{BA807C97-529B-46EF-9393-1F67217DD798}.Release|x86.Build.0 = Release|Any CPU
	EndGlobalSection
	GlobalSection(SolutionProperties) = preSolution
		HideSolutionNode = FALSE
	EndGlobalSection
	GlobalSection(ExtensibilityGlobals) = postSolution
		SolutionGuid = {64ADB274-B9EA-4968-ADDB-91A0A2B5B12B}
	EndGlobalSection
EndGlobal
